
Microsoft Visual Studio Solution File, Format Version 12.00
# Visual Studio Version 17
VisualStudioVersion = 17.7.34024.191
MinimumVisualStudioVersion = 10.0.40219.1
Project("{FAE04EC0-301F-11D3-BF4B-00C04F79EFBC}") = "OnlineLearningPlatform", "OnlineLearningPlatform\OnlineLearningPlatform.csproj", "{764193D8-5197-4C79-BB14-3B69CF60745D}"
EndProject
Global
	GlobalSection(SolutionConfigurationPlatforms) = preSolution
		Debug|Any CPU = Debug|Any CPU
		Release|Any CPU = Release|Any CPU
	EndGlobalSection
	GlobalSection(ProjectConfigurationPlatforms) = postSolution
		{764193D8-5197-4C79-BB14-3B69CF60745D}.Debug|Any CPU.ActiveCfg = Debug|Any CPU
		{764193D8-5197-4C79-BB14-3B69CF60745D}.Debug|Any CPU.Build.0 = Debug|Any CPU
		{764193D8-5197-4C79-BB14-3B69CF60745D}.Release|Any CPU.ActiveCfg = Release|Any CPU
		{764193D8-5197-4C79-BB14-3B69CF60745D}.Release|Any CPU.Build.0 = Release|Any CPU
	EndGlobalSection
	GlobalSection(SolutionProperties) = preSolution
		HideSolutionNode = FALSE
	EndGlobalSection
	GlobalSection(ExtensibilityGlobals) = postSolution
		SolutionGuid = {7C529AC8-953A-4E97-8ACF-ECA9CF0BC3E9}
	EndGlobalSection
EndGlobal
